
Microsoft Visual Studio Solution File, Format Version 12.00
# Visual Studio Version 17
VisualStudioVersion = 17.4.33122.133
MinimumVisualStudioVersion = 10.0.40219.1
Project("{8BC9CEB8-8B4A-11D0-8D11-00A0C91BC942}") = "2sav", "2sav\2sav.vcxproj", "{DA9B39A3-0E41-4706-AF46-EBF891D05149}"
EndProject
Project("{54435603-DBB4-11D2-8724-00A0C9A8B90C}") = "Student", "Student\Student.vdproj", "{48F8CA04-4FB8-4E5C-8355-0EC095D15324}"
EndProject
Global
	GlobalSection(SolutionConfigurationPlatforms) = preSolution
		Debug|x64 = Debug|x64
		Debug|x86 = Debug|x86
		Release|x64 = Release|x64
		Release|x86 = Release|x86
	EndGlobalSection
	GlobalSection(ProjectConfigurationPlatforms) = postSolution
		{DA9B39A3-0E41-4706-AF46-EBF891D05149}.Debug|x64.ActiveCfg = Debug|x64
		{DA9B39A3-0E41-4706-AF46-EBF891D05149}.Debug|x64.Build.0 = Debug|x64
		{DA9B39A3-0E41-4706-AF46-EBF891D05149}.Debug|x86.ActiveCfg = Debug|Win32
		{DA9B39A3-0E41-4706-AF46-EBF891D05149}.Debug|x86.Build.0 = Debug|Win32
		{DA9B39A3-0E41-4706-AF46-EBF891D05149}.Release|x64.ActiveCfg = Release|x64
		{DA9B39A3-0E41-4706-AF46-EBF891D05149}.Release|x64.Build.0 = Release|x64
		{DA9B39A3-0E41-4706-AF46-EBF891D05149}.Release|x86.ActiveCfg = Release|Win32
		{DA9B39A3-0E41-4706-AF46-EBF891D05149}.Release|x86.Build.0 = Release|Win32
		{48F8CA04-4FB8-4E5C-8355-0EC095D15324}.Debug|x64.ActiveCfg = Debug
		{48F8CA04-4FB8-4E5C-8355-0EC095D15324}.Debug|x86.ActiveCfg = Debug
		{48F8CA04-4FB8-4E5C-8355-0EC095D15324}.Release|x64.ActiveCfg = Release
		{48F8CA04-4FB8-4E5C-8355-0EC095D15324}.Release|x86.ActiveCfg = Release
	EndGlobalSection
	GlobalSection(SolutionProperties) = preSolution
		HideSolutionNode = FALSE
	EndGlobalSection
	GlobalSection(ExtensibilityGlobals) = postSolution
		SolutionGuid = {21D1A9F2-9A39-4CE4-8510-FEEBEC804A98}
	EndGlobalSection
EndGlobal
